// !$*UTF8*$!
{
	archiveVersion = 1;
	classes = {
	};
	objectVersion = 56;
	objects = {

/* Begin PBXBuildFile section */
		A21142852A0EDBBA0020D6C8 /* ScrumdingerApp.swift in Sources */ = {isa = PBXBuildFile; fileRef = A21142842A0EDBBA0020D6C8 /* ScrumdingerApp.swift */; };
		A21142872A0EDBBA0020D6C8 /* MeetingView.swift in Sources */ = {isa = PBXBuildFile; fileRef = A21142862A0EDBBA0020D6C8 /* MeetingView.swift */; };
		A21142892A0EDBBC0020D6C8 /* Assets.xcassets in Resources */ = {isa = PBXBuildFile; fileRef = A21142882A0EDBBC0020D6C8 /* Assets.xcassets */; };
		A211428C2A0EDBBC0020D6C8 /* Preview Assets.xcassets in Resources */ = {isa = PBXBuildFile; fileRef = A211428B2A0EDBBC0020D6C8 /* Preview Assets.xcassets */; };
		A21142962A0EDBBC0020D6C8 /* ScrumdingerTests.swift in Sources */ = {isa = PBXBuildFile; fileRef = A21142952A0EDBBC0020D6C8 /* ScrumdingerTests.swift */; };
		A21142A02A0EDBBC0020D6C8 /* ScrumdingerUITests.swift in Sources */ = {isa = PBXBuildFile; fileRef = A211429F2A0EDBBC0020D6C8 /* ScrumdingerUITests.swift */; };
		A21142A22A0EDBBC0020D6C8 /* ScrumdingerUITestsLaunchTests.swift in Sources */ = {isa = PBXBuildFile; fileRef = A21142A12A0EDBBC0020D6C8 /* ScrumdingerUITestsLaunchTests.swift */; };
		A297CBD22A12B48700514C7B /* Theme.swift in Sources */ = {isa = PBXBuildFile; fileRef = A297CBD12A12B48700514C7B /* Theme.swift */; };
		A297CBD42A12B74500514C7B /* DailyScrum.swift in Sources */ = {isa = PBXBuildFile; fileRef = A297CBD32A12B74500514C7B /* DailyScrum.swift */; };
		A297CBD62A12B90800514C7B /* CardView.swift in Sources */ = {isa = PBXBuildFile; fileRef = A297CBD52A12B90800514C7B /* CardView.swift */; };
		A2ACDF4F2A13ECD400979550 /* ScrumsView.swift in Sources */ = {isa = PBXBuildFile; fileRef = A2ACDF4E2A13ECD400979550 /* ScrumsView.swift */; };
/* End PBXBuildFile section */

/* Begin PBXContainerItemProxy section */
		A21142922A0EDBBC0020D6C8 /* PBXContainerItemProxy */ = {
			isa = PBXContainerItemProxy;
			containerPortal = A21142792A0EDBBA0020D6C8 /* Project object */;
			proxyType = 1;
			remoteGlobalIDString = A21142802A0EDBBA0020D6C8;
			remoteInfo = Scrumdinger;
		};
		A211429C2A0EDBBC0020D6C8 /* PBXContainerItemProxy */ = {
			isa = PBXContainerItemProxy;
			containerPortal = A21142792A0EDBBA0020D6C8 /* Project object */;
			proxyType = 1;
			remoteGlobalIDString = A21142802A0EDBBA0020D6C8;
			remoteInfo = Scrumdinger;
		};
/* End PBXContainerItemProxy section */

/* Begin PBXFileReference section */
		A21142812A0EDBBA0020D6C8 /* Scrumdinger.app */ = {isa = PBXFileReference; explicitFileType = wrapper.application; includeInIndex = 0; path = Scrumdinger.app; sourceTree = BUILT_PRODUCTS_DIR; };
		A21142842A0EDBBA0020D6C8 /* ScrumdingerApp.swift */ = {isa = PBXFileReference; lastKnownFileType = sourcecode.swift; path = ScrumdingerApp.swift; sourceTree = "<group>"; };
		A21142862A0EDBBA0020D6C8 /* MeetingView.swift */ = {isa = PBXFileReference; lastKnownFileType = sourcecode.swift; path = MeetingView.swift; sourceTree = "<group>"; };
		A21142882A0EDBBC0020D6C8 /* Assets.xcassets */ = {isa = PBXFileReference; lastKnownFileType = folder.assetcatalog; path = Assets.xcassets; sourceTree = "<group>"; };
		A211428B2A0EDBBC0020D6C8 /* Preview Assets.xcassets */ = {isa = PBXFileReference; lastKnownFileType = folder.assetcatalog; path = "Preview Assets.xcassets"; sourceTree = "<group>"; };
		A21142912A0EDBBC0020D6C8 /* ScrumdingerTests.xctest */ = {isa = PBXFileReference; explicitFileType = wrapper.cfbundle; includeInIndex = 0; path = ScrumdingerTests.xctest; sourceTree = BUILT_PRODUCTS_DIR; };
		A21142952A0EDBBC0020D6C8 /* ScrumdingerTests.swift */ = {isa = PBXFileReference; lastKnownFileType = sourcecode.swift; path = ScrumdingerTests.swift; sourceTree = "<group>"; };
		A211429B2A0EDBBC0020D6C8 /* ScrumdingerUITests.xctest */ = {isa = PBXFileReference; explicitFileType = wrapper.cfbundle; includeInIndex = 0; path = ScrumdingerUITests.xctest; sourceTree = BUILT_PRODUCTS_DIR; };
		A211429F2A0EDBBC0020D6C8 /* ScrumdingerUITests.swift */ = {isa = PBXFileReference; lastKnownFileType = sourcecode.swift; path = ScrumdingerUITests.swift; sourceTree = "<group>"; };
		A21142A12A0EDBBC0020D6C8 /* ScrumdingerUITestsLaunchTests.swift */ = {isa = PBXFileReference; lastKnownFileType = sourcecode.swift; path = ScrumdingerUITestsLaunchTests.swift; sourceTree = "<group>"; };
		A297CBD12A12B48700514C7B /* Theme.swift */ = {isa = PBXFileReference; lastKnownFileType = sourcecode.swift; path = Theme.swift; sourceTree = "<group>"; };
		A297CBD32A12B74500514C7B /* DailyScrum.swift */ = {isa = PBXFileReference; lastKnownFileType = sourcecode.swift; path = DailyScrum.swift; sourceTree = "<group>"; };
		A297CBD52A12B90800514C7B /* CardView.swift */ = {isa = PBXFileReference; lastKnownFileType = sourcecode.swift; name = CardView.swift; path = Scrumdinger/CardView.swift; sourceTree = SOURCE_ROOT; };
		A2ACDF4E2A13ECD400979550 /* ScrumsView.swift */ = {isa = PBXFileReference; lastKnownFileType = sourcecode.swift; path = ScrumsView.swift; sourceTree = "<group>"; };
/* End PBXFileReference section */

/* Begin PBXFrameworksBuildPhase section */
		A211427E2A0EDBBA0020D6C8 /* Frameworks */ = {
			isa = PBXFrameworksBuildPhase;
			buildActionMask = 2147483647;
			files = (
			);
			runOnlyForDeploymentPostprocessing = 0;
		};
		A211428E2A0EDBBC0020D6C8 /* Frameworks */ = {
			isa = PBXFrameworksBuildPhase;
			buildActionMask = 2147483647;
			files = (
			);
			runOnlyForDeploymentPostprocessing = 0;
		};
		A21142982A0EDBBC0020D6C8 /* Frameworks */ = {
			isa = PBXFrameworksBuildPhase;
			buildActionMask = 2147483647;
			files = (
			);
			runOnlyForDeploymentPostprocessing = 0;
		};
/* End PBXFrameworksBuildPhase section */

/* Begin PBXGroup section */
		A21142782A0EDBBA0020D6C8 = {
			isa = PBXGroup;
			children = (
				A21142832A0EDBBA0020D6C8 /* Scrumdinger */,
				A21142942A0EDBBC0020D6C8 /* ScrumdingerTests */,
				A211429E2A0EDBBC0020D6C8 /* ScrumdingerUITests */,
				A21142822A0EDBBA0020D6C8 /* Products */,
			);
			sourceTree = "<group>";
		};
		A21142822A0EDBBA0020D6C8 /* Products */ = {
			isa = PBXGroup;
			children = (
				A21142812A0EDBBA0020D6C8 /* Scrumdinger.app */,
				A21142912A0EDBBC0020D6C8 /* ScrumdingerTests.xctest */,
				A211429B2A0EDBBC0020D6C8 /* ScrumdingerUITests.xctest */,
			);
			name = Products;
			sourceTree = "<group>";
		};
		A21142832A0EDBBA0020D6C8 /* Scrumdinger */ = {
			isa = PBXGroup;
			children = (
				A297CBD02A12B46E00514C7B /* Models */,
				A21142842A0EDBBA0020D6C8 /* ScrumdingerApp.swift */,
				A297CBD52A12B90800514C7B /* CardView.swift */,
				A2ACDF4E2A13ECD400979550 /* ScrumsView.swift */,
				A21142862A0EDBBA0020D6C8 /* MeetingView.swift */,
				A21142882A0EDBBC0020D6C8 /* Assets.xcassets */,
				A211428A2A0EDBBC0020D6C8 /* Preview Content */,
			);
			path = Scrumdinger;
			sourceTree = "<group>";
		};
		A211428A2A0EDBBC0020D6C8 /* Preview Content */ = {
			isa = PBXGroup;
			children = (
				A211428B2A0EDBBC0020D6C8 /* Preview Assets.xcassets */,
			);
			path = "Preview Content";
			sourceTree = "<group>";
		};
		A21142942A0EDBBC0020D6C8 /* ScrumdingerTests */ = {
			isa = PBXGroup;
			children = (
				A21142952A0EDBBC0020D6C8 /* ScrumdingerTests.swift */,
			);
			path = ScrumdingerTests;
			sourceTree = "<group>";
		};
		A211429E2A0EDBBC0020D6C8 /* ScrumdingerUITests */ = {
			isa = PBXGroup;
			children = (
				A211429F2A0EDBBC0020D6C8 /* ScrumdingerUITests.swift */,
				A21142A12A0EDBBC0020D6C8 /* ScrumdingerUITestsLaunchTests.swift */,
			);
			path = ScrumdingerUITests;
			sourceTree = "<group>";
		};
		A297CBD02A12B46E00514C7B /* Models */ = {
			isa = PBXGroup;
			children = (
				A297CBD12A12B48700514C7B /* Theme.swift */,
				A297CBD32A12B74500514C7B /* DailyScrum.swift */,
			);
			path = Models;
			sourceTree = "<group>";
		};
/* End PBXGroup section */

/* Begin PBXNativeTarget section */
		A21142802A0EDBBA0020D6C8 /* Scrumdinger */ = {
			isa = PBXNativeTarget;
			buildConfigurationList = A21142A52A0EDBBC0020D6C8 /* Build configuration list for PBXNativeTarget "Scrumdinger" */;
			buildPhases = (
				A211427D2A0EDBBA0020D6C8 /* Sources */,
				A211427E2A0EDBBA0020D6C8 /* Frameworks */,
				A211427F2A0EDBBA0020D6C8 /* Resources */,
			);
			buildRules = (
			);
			dependencies = (
			);
			name = Scrumdinger;
			productName = Scrumdinger;
			productReference = A21142812A0EDBBA0020D6C8 /* Scrumdinger.app */;
			productType = "com.apple.product-type.application";
		};
		A21142902A0EDBBC0020D6C8 /* ScrumdingerTests */ = {
			isa = PBXNativeTarget;
			buildConfigurationList = A21142A82A0EDBBC0020D6C8 /* Build configuration list for PBXNativeTarget "ScrumdingerTests" */;
			buildPhases = (
				A211428D2A0EDBBC0020D6C8 /* Sources */,
				A211428E2A0EDBBC0020D6C8 /* Frameworks */,
				A211428F2A0EDBBC0020D6C8 /* Resources */,
			);
			buildRules = (
			);
			dependencies = (
				A21142932A0EDBBC0020D6C8 /* PBXTargetDependency */,
			);
			name = ScrumdingerTests;
			productName = ScrumdingerTests;
			productReference = A21142912A0EDBBC0020D6C8 /* ScrumdingerTests.xctest */;
			productType = "com.apple.product-type.bundle.unit-test";
		};
		A211429A2A0EDBBC0020D6C8 /* ScrumdingerUITests */ = {
			isa = PBXNativeTarget;
			buildConfigurationList = A21142AB2A0EDBBC0020D6C8 /* Build configuration list for PBXNativeTarget "ScrumdingerUITests" */;
			buildPhases = (
				A21142972A0EDBBC0020D6C8 /* Sources */,
				A21142982A0EDBBC0020D6C8 /* Frameworks */,
				A21142992A0EDBBC0020D6C8 /* Resources */,
			);
			buildRules = (
			);
			dependencies = (
				A211429D2A0EDBBC0020D6C8 /* PBXTargetDependency */,
			);
			name = ScrumdingerUITests;
			productName = ScrumdingerUITests;
			productReference = A211429B2A0EDBBC0020D6C8 /* ScrumdingerUITests.xctest */;
			productType = "com.apple.product-type.bundle.ui-testing";
		};
/* End PBXNativeTarget section */

/* Begin PBXProject section */
		A21142792A0EDBBA0020D6C8 /* Project object */ = {
			isa = PBXProject;
			attributes = {
				BuildIndependentTargetsInParallel = 1;
				LastSwiftUpdateCheck = 1430;
				LastUpgradeCheck = 1430;
				TargetAttributes = {
					A21142802A0EDBBA0020D6C8 = {
						CreatedOnToolsVersion = 14.3;
					};
					A21142902A0EDBBC0020D6C8 = {
						CreatedOnToolsVersion = 14.3;
						TestTargetID = A21142802A0EDBBA0020D6C8;
					};
					A211429A2A0EDBBC0020D6C8 = {
						CreatedOnToolsVersion = 14.3;
						TestTargetID = A21142802A0EDBBA0020D6C8;
					};
				};
			};
			buildConfigurationList = A211427C2A0EDBBA0020D6C8 /* Build configuration list for PBXProject "Scrumdinger" */;
			compatibilityVersion = "Xcode 14.0";
			developmentRegion = en;
			hasScannedForEncodings = 0;
			knownRegions = (
				en,
				Base,
			);
			mainGroup = A21142782A0EDBBA0020D6C8;
			productRefGroup = A21142822A0EDBBA0020D6C8 /* Products */;
			projectDirPath = "";
			projectRoot = "";
			targets = (
				A21142802A0EDBBA0020D6C8 /* Scrumdinger */,
				A21142902A0EDBBC0020D6C8 /* ScrumdingerTests */,
				A211429A2A0EDBBC0020D6C8 /* ScrumdingerUITests */,
			);
		};
/* End PBXProject section */

/* Begin PBXResourcesBuildPhase section */
		A211427F2A0EDBBA0020D6C8 /* Resources */ = {
			isa = PBXResourcesBuildPhase;
			buildActionMask = 2147483647;
			files = (
				A211428C2A0EDBBC0020D6C8 /* Preview Assets.xcassets in Resources */,
				A21142892A0EDBBC0020D6C8 /* Assets.xcassets in Resources */,
			);
			runOnlyForDeploymentPostprocessing = 0;
		};
		A211428F2A0EDBBC0020D6C8 /* Resources */ = {
			isa = PBXResourcesBuildPhase;
			buildActionMask = 2147483647;
			files = (
			);
			runOnlyForDeploymentPostprocessing = 0;
		};
		A21142992A0EDBBC0020D6C8 /* Resources */ = {
			isa = PBXResourcesBuildPhase;
			buildActionMask = 2147483647;
			files = (
			);
			runOnlyForDeploymentPostprocessing = 0;
		};
/* End PBXResourcesBuildPhase section */

/* Begin PBXSourcesBuildPhase section */
		A211427D2A0EDBBA0020D6C8 /* Sources */ = {
			isa = PBXSourcesBuildPhase;
			buildActionMask = 2147483647;
			files = (
				A297CBD42A12B74500514C7B /* DailyScrum.swift in Sources */,
				A2ACDF4F2A13ECD400979550 /* ScrumsView.swift in Sources */,
				A297CBD22A12B48700514C7B /* Theme.swift in Sources */,
				A21142872A0EDBBA0020D6C8 /* MeetingView.swift in Sources */,
				A21142852A0EDBBA0020D6C8 /* ScrumdingerApp.swift in Sources */,
				A297CBD62A12B90800514C7B /* CardView.swift in Sources */,
			);
			runOnlyForDeploymentPostprocessing = 0;
		};
		A211428D2A0EDBBC0020D6C8 /* Sources */ = {
			isa = PBXSourcesBuildPhase;
			buildActionMask = 2147483647;
			files = (
				A21142962A0EDBBC0020D6C8 /* ScrumdingerTests.swift in Sources */,
			);
			runOnlyForDeploymentPostprocessing = 0;
		};
		A21142972A0EDBBC0020D6C8 /* Sources */ = {
			isa = PBXSourcesBuildPhase;
			buildActionMask = 2147483647;
			files = (
				A21142A22A0EDBBC0020D6C8 /* ScrumdingerUITestsLaunchTests.swift in Sources */,
				A21142A02A0EDBBC0020D6C8 /* ScrumdingerUITests.swift in Sources */,
			);
			runOnlyForDeploymentPostprocessing = 0;
		};
/* End PBXSourcesBuildPhase section */

/* Begin PBXTargetDependency section */
		A21142932A0EDBBC0020D6C8 /* PBXTargetDependency */ = {
			isa = PBXTargetDependency;
			target = A21142802A0EDBBA0020D6C8 /* Scrumdinger */;
			targetProxy = A21142922A0EDBBC0020D6C8 /* PBXContainerItemProxy */;
		};
		A211429D2A0EDBBC0020D6C8 /* PBXTargetDependency */ = {
			isa = PBXTargetDependency;
			target = A21142802A0EDBBA0020D6C8 /* Scrumdinger */;
			targetProxy = A211429C2A0EDBBC0020D6C8 /* PBXContainerItemProxy */;
		};
/* End PBXTargetDependency section */

/* Begin XCBuildConfiguration section */
		A21142A32A0EDBBC0020D6C8 /* Debug */ = {
			isa = XCBuildConfiguration;
			buildSettings = {
				ALWAYS_SEARCH_USER_PATHS = NO;
				CLANG_ANALYZER_NONNULL = YES;
				CLANG_ANALYZER_NUMBER_OBJECT_CONVERSION = YES_AGGRESSIVE;
				CLANG_CXX_LANGUAGE_STANDARD = "gnu++20";
				CLANG_ENABLE_MODULES = YES;
				CLANG_ENABLE_OBJC_ARC = YES;
				CLANG_ENABLE_OBJC_WEAK = YES;
				CLANG_WARN_BLOCK_CAPTURE_AUTORELEASING = YES;
				CLANG_WARN_BOOL_CONVERSION = YES;
				CLANG_WARN_COMMA = YES;
				CLANG_WARN_CONSTANT_CONVERSION = YES;
				CLANG_WARN_DEPRECATED_OBJC_IMPLEMENTATIONS = YES;
				CLANG_WARN_DIRECT_OBJC_ISA_USAGE = YES_ERROR;
				CLANG_WARN_DOCUMENTATION_COMMENTS = YES;
				CLANG_WARN_EMPTY_BODY = YES;
				CLANG_WARN_ENUM_CONVERSION = YES;
				CLANG_WARN_INFINITE_RECURSION = YES;
				CLANG_WARN_INT_CONVERSION = YES;
				CLANG_WARN_NON_LITERAL_NULL_CONVERSION = YES;
				CLANG_WARN_OBJC_IMPLICIT_RETAIN_SELF = YES;
				CLANG_WARN_OBJC_LITERAL_CONVERSION = YES;
				CLANG_WARN_OBJC_ROOT_CLASS = YES_ERROR;
				CLANG_WARN_QUOTED_INCLUDE_IN_FRAMEWORK_HEADER = YES;
				CLANG_WARN_RANGE_LOOP_ANALYSIS = YES;
				CLANG_WARN_STRICT_PROTOTYPES = YES;
				CLANG_WARN_SUSPICIOUS_MOVE = YES;
				CLANG_WARN_UNGUARDED_AVAILABILITY = YES_AGGRESSIVE;
				CLANG_WARN_UNREACHABLE_CODE = YES;
				CLANG_WARN__DUPLICATE_METHOD_MATCH = YES;
				COPY_PHASE_STRIP = NO;
				DEBUG_INFORMATION_FORMAT = dwarf;
				ENABLE_STRICT_OBJC_MSGSEND = YES;
				ENABLE_TESTABILITY = YES;
				GCC_C_LANGUAGE_STANDARD = gnu11;
				GCC_DYNAMIC_NO_PIC = NO;
				GCC_NO_COMMON_BLOCKS = YES;
				GCC_OPTIMIZATION_LEVEL = 0;
				GCC_PREPROCESSOR_DEFINITIONS = (
					"DEBUG=1",
					"$(inherited)",
				);
				GCC_WARN_64_TO_32_BIT_CONVERSION = YES;
				GCC_WARN_ABOUT_RETURN_TYPE = YES_ERROR;
				GCC_WARN_UNDECLARED_SELECTOR = YES;
				GCC_WARN_UNINITIALIZED_AUTOS = YES_AGGRESSIVE;
				GCC_WARN_UNUSED_FUNCTION = YES;
				GCC_WARN_UNUSED_VARIABLE = YES;
				IPHONEOS_DEPLOYMENT_TARGET = 16.4;
				MTL_ENABLE_DEBUG_INFO = INCLUDE_SOURCE;
				MTL_FAST_MATH = YES;
				ONLY_ACTIVE_ARCH = YES;
				SDKROOT = iphoneos;
				SWIFT_ACTIVE_COMPILATION_CONDITIONS = DEBUG;
				SWIFT_OPTIMIZATION_LEVEL = "-Onone";
			};
			name = Debug;
		};
		A21142A42A0EDBBC0020D6C8 /* Release */ = {
			isa = XCBuildConfiguration;
			buildSettings = {
				ALWAYS_SEARCH_USER_PATHS = NO;
				CLANG_ANALYZER_NONNULL = YES;
				CLANG_ANALYZER_NUMBER_OBJECT_CONVERSION = YES_AGGRESSIVE;
				CLANG_CXX_LANGUAGE_STANDARD = "gnu++20";
				CLANG_ENABLE_MODULES = YES;
				CLANG_ENABLE_OBJC_ARC = YES;
				CLANG_ENABLE_OBJC_WEAK = YES;
				CLANG_WARN_BLOCK_CAPTURE_AUTORELEASING = YES;
				CLANG_WARN_BOOL_CONVERSION = YES;
				CLANG_WARN_COMMA = YES;
				CLANG_WARN_CONSTANT_CONVERSION = YES;
				CLANG_WARN_DEPRECATED_OBJC_IMPLEMENTATIONS = YES;
				CLANG_WARN_DIRECT_OBJC_ISA_USAGE = YES_ERROR;
				CLANG_WARN_DOCUMENTATION_COMMENTS = YES;
				CLANG_WARN_EMPTY_BODY = YES;
				CLANG_WARN_ENUM_CONVERSION = YES;
				CLANG_WARN_INFINITE_RECURSION = YES;
				CLANG_WARN_INT_CONVERSION = YES;
				CLANG_WARN_NON_LITERAL_NULL_CONVERSION = YES;
				CLANG_WARN_OBJC_IMPLICIT_RETAIN_SELF = YES;
				CLANG_WARN_OBJC_LITERAL_CONVERSION = YES;
				CLANG_WARN_OBJC_ROOT_CLASS = YES_ERROR;
				CLANG_WARN_QUOTED_INCLUDE_IN_FRAMEWORK_HEADER = YES;
				CLANG_WARN_RANGE_LOOP_ANALYSIS = YES;
				CLANG_WARN_STRICT_PROTOTYPES = YES;
				CLANG_WARN_SUSPICIOUS_MOVE = YES;
				CLANG_WARN_UNGUARDED_AVAILABILITY = YES_AGGRESSIVE;
				CLANG_WARN_UNREACHABLE_CODE = YES;
				CLANG_WARN__DUPLICATE_METHOD_MATCH = YES;
				COPY_PHASE_STRIP = NO;
				DEBUG_INFORMATION_FORMAT = "dwarf-with-dsym";
				ENABLE_NS_ASSERTIONS = NO;
				ENABLE_STRICT_OBJC_MSGSEND = YES;
				GCC_C_LANGUAGE_STANDARD = gnu11;
				GCC_NO_COMMON_BLOCKS = YES;
				GCC_WARN_64_TO_32_BIT_CONVERSION = YES;
				GCC_WARN_ABOUT_RETURN_TYPE = YES_ERROR;
				GCC_WARN_UNDECLARED_SELECTOR = YES;
				GCC_WARN_UNINITIALIZED_AUTOS = YES_AGGRESSIVE;
				GCC_WARN_UNUSED_FUNCTION = YES;
				GCC_WARN_UNUSED_VARIABLE = YES;
				IPHONEOS_DEPLOYMENT_TARGET = 16.4;
				MTL_ENABLE_DEBUG_INFO = NO;
				MTL_FAST_MATH = YES;
				SDKROOT = iphoneos;
				SWIFT_COMPILATION_MODE = wholemodule;
				SWIFT_OPTIMIZATION_LEVEL = "-O";
				VALIDATE_PRODUCT = YES;
			};
			name = Release;
		};
		A21142A62A0EDBBC0020D6C8 /* Debug */ = {
			isa = XCBuildConfiguration;
			buildSettings = {
				ASSETCATALOG_COMPILER_APPICON_NAME = AppIcon;
				ASSETCATALOG_COMPILER_GLOBAL_ACCENT_COLOR_NAME = AccentColor;
				CODE_SIGN_STYLE = Automatic;
				CURRENT_PROJECT_VERSION = 1;
				DEVELOPMENT_ASSET_PATHS = "\"Scrumdinger/Preview Content\"";
				DEVELOPMENT_TEAM = 6F983ZW9E9;
				ENABLE_PREVIEWS = YES;
				GENERATE_INFOPLIST_FILE = YES;
				INFOPLIST_KEY_UIApplicationSceneManifest_Generation = YES;
				INFOPLIST_KEY_UIApplicationSupportsIndirectInputEvents = YES;
				INFOPLIST_KEY_UILaunchScreen_Generation = YES;
				INFOPLIST_KEY_UISupportedInterfaceOrientations_iPad = "UIInterfaceOrientationPortrait UIInterfaceOrientationPortraitUpsideDown UIInterfaceOrientationLandscapeLeft UIInterfaceOrientationLandscapeRight";
				INFOPLIST_KEY_UISupportedInterfaceOrientations_iPhone = "UIInterfaceOrientationPortrait UIInterfaceOrientationLandscapeLeft UIInterfaceOrientationLandscapeRight";
				LD_RUNPATH_SEARCH_PATHS = (
					"$(inherited)",
					"@executable_path/Frameworks",
				);
				MARKETING_VERSION = 1.0;
				PRODUCT_BUNDLE_IDENTIFIER = app.jpaul.Scrumdinger;
				PRODUCT_NAME = "$(TARGET_NAME)";
				SWIFT_EMIT_LOC_STRINGS = YES;
				SWIFT_VERSION = 5.0;
				TARGETED_DEVICE_FAMILY = "1,2";
			};
			name = Debug;
		};
		A21142A72A0EDBBC0020D6C8 /* Release */ = {
			isa = XCBuildConfiguration;
			buildSettings = {
				ASSETCATALOG_COMPILER_APPICON_NAME = AppIcon;
				ASSETCATALOG_COMPILER_GLOBAL_ACCENT_COLOR_NAME = AccentColor;
				CODE_SIGN_STYLE = Automatic;
				CURRENT_PROJECT_VERSION = 1;
				DEVELOPMENT_ASSET_PATHS = "\"Scrumdinger/Preview Content\"";
				DEVELOPMENT_TEAM = 6F983ZW9E9;
				ENABLE_PREVIEWS = YES;
				GENERATE_INFOPLIST_FILE = YES;
				INFOPLIST_KEY_UIApplicationSceneManifest_Generation = YES;
				INFOPLIST_KEY_UIApplicationSupportsIndirectInputEvents = YES;
				INFOPLIST_KEY_UILaunchScreen_Generation = YES;
				INFOPLIST_KEY_UISupportedInterfaceOrientations_iPad = "UIInterfaceOrientationPortrait UIInterfaceOrientationPortraitUpsideDown UIInterfaceOrientationLandscapeLeft UIInterfaceOrientationLandscapeRight";
				INFOPLIST_KEY_UISupportedInterfaceOrientations_iPhone = "UIInterfaceOrientationPortrait UIInterfaceOrientationLandscapeLeft UIInterfaceOrientationLandscapeRight";
				LD_RUNPATH_SEARCH_PATHS = (
					"$(inherited)",
					"@executable_path/Frameworks",
				);
				MARKETING_VERSION = 1.0;
				PRODUCT_BUNDLE_IDENTIFIER = app.jpaul.Scrumdinger;
				PRODUCT_NAME = "$(TARGET_NAME)";
				SWIFT_EMIT_LOC_STRINGS = YES;
				SWIFT_VERSION = 5.0;
				TARGETED_DEVICE_FAMILY = "1,2";
			};
			name = Release;
		};
		A21142A92A0EDBBC0020D6C8 /* Debug */ = {
			isa = XCBuildConfiguration;
			buildSettings = {
				ALWAYS_EMBED_SWIFT_STANDARD_LIBRARIES = YES;
				BUNDLE_LOADER = "$(TEST_HOST)";
				CODE_SIGN_STYLE = Automatic;
				CURRENT_PROJECT_VERSION = 1;
				DEVELOPMENT_TEAM = 6F983ZW9E9;
				GENERATE_INFOPLIST_FILE = YES;
				IPHONEOS_DEPLOYMENT_TARGET = 16.4;
				MARKETING_VERSION = 1.0;
				PRODUCT_BUNDLE_IDENTIFIER = app.jpaul.ScrumdingerTests;
				PRODUCT_NAME = "$(TARGET_NAME)";
				SWIFT_EMIT_LOC_STRINGS = NO;
				SWIFT_VERSION = 5.0;
				TARGETED_DEVICE_FAMILY = "1,2";
				TEST_HOST = "$(BUILT_PRODUCTS_DIR)/Scrumdinger.app/$(BUNDLE_EXECUTABLE_FOLDER_PATH)/Scrumdinger";
			};
			name = Debug;
		};
		A21142AA2A0EDBBC0020D6C8 /* Release */ = {
			isa = XCBuildConfiguration;
			buildSettings = {
				ALWAYS_EMBED_SWIFT_STANDARD_LIBRARIES = YES;
				BUNDLE_LOADER = "$(TEST_HOST)";
				CODE_SIGN_STYLE = Automatic;
				CURRENT_PROJECT_VERSION = 1;
				DEVELOPMENT_TEAM = 6F983ZW9E9;
				GENERATE_INFOPLIST_FILE = YES;
				IPHONEOS_DEPLOYMENT_TARGET = 16.4;
				MARKETING_VERSION = 1.0;
				PRODUCT_BUNDLE_IDENTIFIER = app.jpaul.ScrumdingerTests;
				PRODUCT_NAME = "$(TARGET_NAME)";
				SWIFT_EMIT_LOC_STRINGS = NO;
				SWIFT_VERSION = 5.0;
				TARGETED_DEVICE_FAMILY = "1,2";
				TEST_HOST = "$(BUILT_PRODUCTS_DIR)/Scrumdinger.app/$(BUNDLE_EXECUTABLE_FOLDER_PATH)/Scrumdinger";
			};
			name = Release;
		};
		A21142AC2A0EDBBC0020D6C8 /* Debug */ = {
			isa = XCBuildConfiguration;
			buildSettings = {
				ALWAYS_EMBED_SWIFT_STANDARD_LIBRARIES = YES;
				CODE_SIGN_STYLE = Automatic;
				CURRENT_PROJECT_VERSION = 1;
				DEVELOPMENT_TEAM = 6F983ZW9E9;
				GENERATE_INFOPLIST_FILE = YES;
				MARKETING_VERSION = 1.0;
				PRODUCT_BUNDLE_IDENTIFIER = app.jpaul.ScrumdingerUITests;
				PRODUCT_NAME = "$(TARGET_NAME)";
				SWIFT_EMIT_LOC_STRINGS = NO;
				SWIFT_VERSION = 5.0;
				TARGETED_DEVICE_FAMILY = "1,2";
				TEST_TARGET_NAME = Scrumdinger;
			};
			name = Debug;
		};
		A21142AD2A0EDBBC0020D6C8 /* Release */ = {
			isa = XCBuildConfiguration;
			buildSettings = {
				ALWAYS_EMBED_SWIFT_STANDARD_LIBRARIES = YES;
				CODE_SIGN_STYLE = Automatic;
				CURRENT_PROJECT_VERSION = 1;
				DEVELOPMENT_TEAM = 6F983ZW9E9;
				GENERATE_INFOPLIST_FILE = YES;
				MARKETING_VERSION = 1.0;
				PRODUCT_BUNDLE_IDENTIFIER = app.jpaul.ScrumdingerUITests;
				PRODUCT_NAME = "$(TARGET_NAME)";
				SWIFT_EMIT_LOC_STRINGS = NO;
				SWIFT_VERSION = 5.0;
				TARGETED_DEVICE_FAMILY = "1,2";
				TEST_TARGET_NAME = Scrumdinger;
			};
			name = Release;
		};
/* End XCBuildConfiguration section */

/* Begin XCConfigurationList section */
		A211427C2A0EDBBA0020D6C8 /* Build configuration list for PBXProject "Scrumdinger" */ = {
			isa = XCConfigurationList;
			buildConfigurations = (
				A21142A32A0EDBBC0020D6C8 /* Debug */,
				A21142A42A0EDBBC0020D6C8 /* Release */,
			);
			defaultConfigurationIsVisible = 0;
			defaultConfigurationName = Release;
		};
		A21142A52A0EDBBC0020D6C8 /* Build configuration list for PBXNativeTarget "Scrumdinger" */ = {
			isa = XCConfigurationList;
			buildConfigurations = (
				A21142A62A0EDBBC0020D6C8 /* Debug */,
				A21142A72A0EDBBC0020D6C8 /* Release */,
			);
			defaultConfigurationIsVisible = 0;
			defaultConfigurationName = Release;
		};
		A21142A82A0EDBBC0020D6C8 /* Build configuration list for PBXNativeTarget "ScrumdingerTests" */ = {
			isa = XCConfigurationList;
			buildConfigurations = (
				A21142A92A0EDBBC0020D6C8 /* Debug */,
				A21142AA2A0EDBBC0020D6C8 /* Release */,
			);
			defaultConfigurationIsVisible = 0;
			defaultConfigurationName = Release;
		};
		A21142AB2A0EDBBC0020D6C8 /* Build configuration list for PBXNativeTarget "ScrumdingerUITests" */ = {
			isa = XCConfigurationList;
			buildConfigurations = (
				A21142AC2A0EDBBC0020D6C8 /* Debug */,
				A21142AD2A0EDBBC0020D6C8 /* Release */,
			);
			defaultConfigurationIsVisible = 0;
			defaultConfigurationName = Release;
		};
/* End XCConfigurationList section */
	};
	rootObject = A21142792A0EDBBA0020D6C8 /* Project object */;
}
